// !$*UTF8*$!
{
	archiveVersion = 1;
	classes = {
	};
	objectVersion = 46;
	objects = {

/* Begin PBXBuildFile section */
		DDBD0254197EB88A009B4B96 /* Foundation.framework in Frameworks */ = {isa = PBXBuildFile; fileRef = DDBD0253197EB88A009B4B96 /* Foundation.framework */; };
		DDBD0256197EB88A009B4B96 /* CoreGraphics.framework in Frameworks */ = {isa = PBXBuildFile; fileRef = DDBD0255197EB88A009B4B96 /* CoreGraphics.framework */; };
		DDBD0258197EB88A009B4B96 /* UIKit.framework in Frameworks */ = {isa = PBXBuildFile; fileRef = DDBD0257197EB88A009B4B96 /* UIKit.framework */; };
		DDBD025E197EB88A009B4B96 /* InfoPlist.strings in Resources */ = {isa = PBXBuildFile; fileRef = DDBD025C197EB88A009B4B96 /* InfoPlist.strings */; };
		DDBD0260197EB88A009B4B96 /* main.m in Sources */ = {isa = PBXBuildFile; fileRef = DDBD025F197EB88A009B4B96 /* main.m */; };
		DDBD0264197EB88A009B4B96 /* AppDelegate.m in Sources */ = {isa = PBXBuildFile; fileRef = DDBD0263197EB88A009B4B96 /* AppDelegate.m */; };
		DDBD0267197EB88A009B4B96 /* Main_iPhone.storyboard in Resources */ = {isa = PBXBuildFile; fileRef = DDBD0265197EB88A009B4B96 /* Main_iPhone.storyboard */; };
		DDBD026A197EB88A009B4B96 /* Main_iPad.storyboard in Resources */ = {isa = PBXBuildFile; fileRef = DDBD0268197EB88A009B4B96 /* Main_iPad.storyboard */; };
		DDBD026D197EB88A009B4B96 /* ViewController.m in Sources */ = {isa = PBXBuildFile; fileRef = DDBD026C197EB88A009B4B96 /* ViewController.m */; };
		DDBD026F197EB88A009B4B96 /* Images.xcassets in Resources */ = {isa = PBXBuildFile; fileRef = DDBD026E197EB88A009B4B96 /* Images.xcassets */; };
		DDBD0276197EB88A009B4B96 /* XCTest.framework in Frameworks */ = {isa = PBXBuildFile; fileRef = DDBD0275197EB88A009B4B96 /* XCTest.framework */; };
		DDBD0277197EB88A009B4B96 /* Foundation.framework in Frameworks */ = {isa = PBXBuildFile; fileRef = DDBD0253197EB88A009B4B96 /* Foundation.framework */; };
		DDBD0278197EB88A009B4B96 /* UIKit.framework in Frameworks */ = {isa = PBXBuildFile; fileRef = DDBD0257197EB88A009B4B96 /* UIKit.framework */; };
		DDBD0280197EB88A009B4B96 /* InfoPlist.strings in Resources */ = {isa = PBXBuildFile; fileRef = DDBD027E197EB88A009B4B96 /* InfoPlist.strings */; };
		DDBD0282197EB88A009B4B96 /* QCTests.m in Sources */ = {isa = PBXBuildFile; fileRef = DDBD0281197EB88A009B4B96 /* QCTests.m */; };
/* End PBXBuildFile section */

/* Begin PBXContainerItemProxy section */
		DDBD0279197EB88A009B4B96 /* PBXContainerItemProxy */ = {
			isa = PBXContainerItemProxy;
			containerPortal = DDBD0248197EB88A009B4B96 /* Project object */;
			proxyType = 1;
			remoteGlobalIDString = DDBD024F197EB88A009B4B96;
			remoteInfo = QC;
		};
/* End PBXContainerItemProxy section */

/* Begin PBXFileReference section */
		DDBD0250197EB88A009B4B96 /* QC.app */ = {isa = PBXFileReference; explicitFileType = wrapper.application; includeInIndex = 0; path = QC.app; sourceTree = BUILT_PRODUCTS_DIR; };
		DDBD0253197EB88A009B4B96 /* Foundation.framework */ = {isa = PBXFileReference; lastKnownFileType = wrapper.framework; name = Foundation.framework; path = System/Library/Frameworks/Foundation.framework; sourceTree = SDKROOT; };
		DDBD0255197EB88A009B4B96 /* CoreGraphics.framework */ = {isa = PBXFileReference; lastKnownFileType = wrapper.framework; name = CoreGraphics.framework; path = System/Library/Frameworks/CoreGraphics.framework; sourceTree = SDKROOT; };
		DDBD0257197EB88A009B4B96 /* UIKit.framework */ = {isa = PBXFileReference; lastKnownFileType = wrapper.framework; name = UIKit.framework; path = System/Library/Frameworks/UIKit.framework; sourceTree = SDKROOT; };
		DDBD025B197EB88A009B4B96 /* QC-Info.plist */ = {isa = PBXFileReference; lastKnownFileType = text.plist.xml; path = "QC-Info.plist"; sourceTree = "<group>"; };
		DDBD025D197EB88A009B4B96 /* en */ = {isa = PBXFileReference; lastKnownFileType = text.plist.strings; name = en; path = en.lproj/InfoPlist.strings; sourceTree = "<group>"; };
		DDBD025F197EB88A009B4B96 /* main.m */ = {isa = PBXFileReference; lastKnownFileType = sourcecode.c.objc; path = main.m; sourceTree = "<group>"; };
		DDBD0261197EB88A009B4B96 /* QC-Prefix.pch */ = {isa = PBXFileReference; lastKnownFileType = sourcecode.c.h; path = "QC-Prefix.pch"; sourceTree = "<group>"; };
		DDBD0262197EB88A009B4B96 /* AppDelegate.h */ = {isa = PBXFileReference; lastKnownFileType = sourcecode.c.h; path = AppDelegate.h; sourceTree = "<group>"; };
		DDBD0263197EB88A009B4B96 /* AppDelegate.m */ = {isa = PBXFileReference; lastKnownFileType = sourcecode.c.objc; path = AppDelegate.m; sourceTree = "<group>"; };
		DDBD0266197EB88A009B4B96 /* Base */ = {isa = PBXFileReference; lastKnownFileType = file.storyboard; name = Base; path = Base.lproj/Main_iPhone.storyboard; sourceTree = "<group>"; };
		DDBD0269197EB88A009B4B96 /* Base */ = {isa = PBXFileReference; lastKnownFileType = file.storyboard; name = Base; path = Base.lproj/Main_iPad.storyboard; sourceTree = "<group>"; };
		DDBD026B197EB88A009B4B96 /* ViewController.h */ = {isa = PBXFileReference; lastKnownFileType = sourcecode.c.h; path = ViewController.h; sourceTree = "<group>"; };
		DDBD026C197EB88A009B4B96 /* ViewController.m */ = {isa = PBXFileReference; lastKnownFileType = sourcecode.c.objc; path = ViewController.m; sourceTree = "<group>"; };
		DDBD026E197EB88A009B4B96 /* Images.xcassets */ = {isa = PBXFileReference; lastKnownFileType = folder.assetcatalog; path = Images.xcassets; sourceTree = "<group>"; };
		DDBD0274197EB88A009B4B96 /* QCTests.xctest */ = {isa = PBXFileReference; explicitFileType = wrapper.cfbundle; includeInIndex = 0; path = QCTests.xctest; sourceTree = BUILT_PRODUCTS_DIR; };
		DDBD0275197EB88A009B4B96 /* XCTest.framework */ = {isa = PBXFileReference; lastKnownFileType = wrapper.framework; name = XCTest.framework; path = Library/Frameworks/XCTest.framework; sourceTree = DEVELOPER_DIR; };
		DDBD027D197EB88A009B4B96 /* QCTests-Info.plist */ = {isa = PBXFileReference; lastKnownFileType = text.plist.xml; path = "QCTests-Info.plist"; sourceTree = "<group>"; };
		DDBD027F197EB88A009B4B96 /* en */ = {isa = PBXFileReference; lastKnownFileType = text.plist.strings; name = en; path = en.lproj/InfoPlist.strings; sourceTree = "<group>"; };
		DDBD0281197EB88A009B4B96 /* QCTests.m */ = {isa = PBXFileReference; lastKnownFileType = sourcecode.c.objc; path = QCTests.m; sourceTree = "<group>"; };
/* End PBXFileReference section */

/* Begin PBXFrameworksBuildPhase section */
		DDBD024D197EB88A009B4B96 /* Frameworks */ = {
			isa = PBXFrameworksBuildPhase;
			buildActionMask = 2147483647;
			files = (
				DDBD0256197EB88A009B4B96 /* CoreGraphics.framework in Frameworks */,
				DDBD0258197EB88A009B4B96 /* UIKit.framework in Frameworks */,
				DDBD0254197EB88A009B4B96 /* Foundation.framework in Frameworks */,
			);
			runOnlyForDeploymentPostprocessing = 0;
		};
		DDBD0271197EB88A009B4B96 /* Frameworks */ = {
			isa = PBXFrameworksBuildPhase;
			buildActionMask = 2147483647;
			files = (
				DDBD0276197EB88A009B4B96 /* XCTest.framework in Frameworks */,
				DDBD0278197EB88A009B4B96 /* UIKit.framework in Frameworks */,
				DDBD0277197EB88A009B4B96 /* Foundation.framework in Frameworks */,
			);
			runOnlyForDeploymentPostprocessing = 0;
		};
/* End PBXFrameworksBuildPhase section */

/* Begin PBXGroup section */
		DDBD0247197EB88A009B4B96 = {
			isa = PBXGroup;
			children = (
				DDBD0259197EB88A009B4B96 /* QC */,
				DDBD027B197EB88A009B4B96 /* QCTests */,
				DDBD0252197EB88A009B4B96 /* Frameworks */,
				DDBD0251197EB88A009B4B96 /* Products */,
			);
			sourceTree = "<group>";
		};
		DDBD0251197EB88A009B4B96 /* Products */ = {
			isa = PBXGroup;
			children = (
				DDBD0250197EB88A009B4B96 /* QC.app */,
				DDBD0274197EB88A009B4B96 /* QCTests.xctest */,
			);
			name = Products;
			sourceTree = "<group>";
		};
		DDBD0252197EB88A009B4B96 /* Frameworks */ = {
			isa = PBXGroup;
			children = (
				DDBD0253197EB88A009B4B96 /* Foundation.framework */,
				DDBD0255197EB88A009B4B96 /* CoreGraphics.framework */,
				DDBD0257197EB88A009B4B96 /* UIKit.framework */,
				DDBD0275197EB88A009B4B96 /* XCTest.framework */,
			);
			name = Frameworks;
			sourceTree = "<group>";
		};
		DDBD0259197EB88A009B4B96 /* QC */ = {
			isa = PBXGroup;
			children = (
				DDBD0262197EB88A009B4B96 /* AppDelegate.h */,
				DDBD0263197EB88A009B4B96 /* AppDelegate.m */,
				DDBD0265197EB88A009B4B96 /* Main_iPhone.storyboard */,
				DDBD0268197EB88A009B4B96 /* Main_iPad.storyboard */,
				DDBD026B197EB88A009B4B96 /* ViewController.h */,
				DDBD026C197EB88A009B4B96 /* ViewController.m */,
				DDBD026E197EB88A009B4B96 /* Images.xcassets */,
				DDBD025A197EB88A009B4B96 /* Supporting Files */,
			);
			path = QC;
			sourceTree = "<group>";
		};
		DDBD025A197EB88A009B4B96 /* Supporting Files */ = {
			isa = PBXGroup;
			children = (
				DDBD025B197EB88A009B4B96 /* QC-Info.plist */,
				DDBD025C197EB88A009B4B96 /* InfoPlist.strings */,
				DDBD025F197EB88A009B4B96 /* main.m */,
				DDBD0261197EB88A009B4B96 /* QC-Prefix.pch */,
			);
			name = "Supporting Files";
			sourceTree = "<group>";
		};
		DDBD027B197EB88A009B4B96 /* QCTests */ = {
			isa = PBXGroup;
			children = (
				DDBD0281197EB88A009B4B96 /* QCTests.m */,
				DDBD027C197EB88A009B4B96 /* Supporting Files */,
			);
			path = QCTests;
			sourceTree = "<group>";
		};
		DDBD027C197EB88A009B4B96 /* Supporting Files */ = {
			isa = PBXGroup;
			children = (
				DDBD027D197EB88A009B4B96 /* QCTests-Info.plist */,
				DDBD027E197EB88A009B4B96 /* InfoPlist.strings */,
			);
			name = "Supporting Files";
			sourceTree = "<group>";
		};
/* End PBXGroup section */

/* Begin PBXNativeTarget section */
		DDBD024F197EB88A009B4B96 /* QC */ = {
			isa = PBXNativeTarget;
			buildConfigurationList = DDBD0285197EB88A009B4B96 /* Build configuration list for PBXNativeTarget "QC" */;
			buildPhases = (
				DDBD024C197EB88A009B4B96 /* Sources */,
				DDBD024D197EB88A009B4B96 /* Frameworks */,
				DDBD024E197EB88A009B4B96 /* Resources */,
			);
			buildRules = (
			);
			dependencies = (
			);
			name = QC;
			productName = QC;
			productReference = DDBD0250197EB88A009B4B96 /* QC.app */;
			productType = "com.apple.product-type.application";
		};
		DDBD0273197EB88A009B4B96 /* QCTests */ = {
			isa = PBXNativeTarget;
			buildConfigurationList = DDBD0288197EB88A009B4B96 /* Build configuration list for PBXNativeTarget "QCTests" */;
			buildPhases = (
				DDBD0270197EB88A009B4B96 /* Sources */,
				DDBD0271197EB88A009B4B96 /* Frameworks */,
				DDBD0272197EB88A009B4B96 /* Resources */,
			);
			buildRules = (
			);
			dependencies = (
				DDBD027A197EB88A009B4B96 /* PBXTargetDependency */,
			);
			name = QCTests;
			productName = QCTests;
			productReference = DDBD0274197EB88A009B4B96 /* QCTests.xctest */;
			productType = "com.apple.product-type.bundle.unit-test";
		};
/* End PBXNativeTarget section */

/* Begin PBXProject section */
		DDBD0248197EB88A009B4B96 /* Project object */ = {
			isa = PBXProject;
			attributes = {
				LastUpgradeCheck = 0500;
				ORGANIZATIONNAME = "Infinite Peripherals";
				TargetAttributes = {
					DDBD0273197EB88A009B4B96 = {
						TestTargetID = DDBD024F197EB88A009B4B96;
					};
				};
			};
			buildConfigurationList = DDBD024B197EB88A009B4B96 /* Build configuration list for PBXProject "QC" */;
			compatibilityVersion = "Xcode 3.2";
			developmentRegion = English;
			hasScannedForEncodings = 0;
			knownRegions = (
				en,
				Base,
			);
			mainGroup = DDBD0247197EB88A009B4B96;
			productRefGroup = DDBD0251197EB88A009B4B96 /* Products */;
			projectDirPath = "";
			projectRoot = "";
			targets = (
				DDBD024F197EB88A009B4B96 /* QC */,
				DDBD0273197EB88A009B4B96 /* QCTests */,
			);
		};
/* End PBXProject section */

/* Begin PBXResourcesBuildPhase section */
		DDBD024E197EB88A009B4B96 /* Resources */ = {
			isa = PBXResourcesBuildPhase;
			buildActionMask = 2147483647;
			files = (
				DDBD026A197EB88A009B4B96 /* Main_iPad.storyboard in Resources */,
				DDBD026F197EB88A009B4B96 /* Images.xcassets in Resources */,
				DDBD0267197EB88A009B4B96 /* Main_iPhone.storyboard in Resources */,
				DDBD025E197EB88A009B4B96 /* InfoPlist.strings in Resources */,
			);
			runOnlyForDeploymentPostprocessing = 0;
		};
		DDBD0272197EB88A009B4B96 /* Resources */ = {
			isa = PBXResourcesBuildPhase;
			buildActionMask = 2147483647;
			files = (
				DDBD0280197EB88A009B4B96 /* InfoPlist.strings in Resources */,
			);
			runOnlyForDeploymentPostprocessing = 0;
		};
/* End PBXResourcesBuildPhase section */

/* Begin PBXSourcesBuildPhase section */
		DDBD024C197EB88A009B4B96 /* Sources */ = {
			isa = PBXSourcesBuildPhase;
			buildActionMask = 2147483647;
			files = (
				DDBD026D197EB88A009B4B96 /* ViewController.m in Sources */,
				DDBD0264197EB88A009B4B96 /* AppDelegate.m in Sources */,
				DDBD0260197EB88A009B4B96 /* main.m in Sources */,
			);
			runOnlyForDeploymentPostprocessing = 0;
		};
		DDBD0270197EB88A009B4B96 /* Sources */ = {
			isa = PBXSourcesBuildPhase;
			buildActionMask = 2147483647;
			files = (
				DDBD0282197EB88A009B4B96 /* QCTests.m in Sources */,
			);
			runOnlyForDeploymentPostprocessing = 0;
		};
/* End PBXSourcesBuildPhase section */

/* Begin PBXTargetDependency section */
		DDBD027A197EB88A009B4B96 /* PBXTargetDependency */ = {
			isa = PBXTargetDependency;
			target = DDBD024F197EB88A009B4B96 /* QC */;
			targetProxy = DDBD0279197EB88A009B4B96 /* PBXContainerItemProxy */;
		};
/* End PBXTargetDependency section */

/* Begin PBXVariantGroup section */
		DDBD025C197EB88A009B4B96 /* InfoPlist.strings */ = {
			isa = PBXVariantGroup;
			children = (
				DDBD025D197EB88A009B4B96 /* en */,
			);
			name = InfoPlist.strings;
			sourceTree = "<group>";
		};
		DDBD0265197EB88A009B4B96 /* Main_iPhone.storyboard */ = {
			isa = PBXVariantGroup;
			children = (
				DDBD0266197EB88A009B4B96 /* Base */,
			);
			name = Main_iPhone.storyboard;
			sourceTree = "<group>";
		};
		DDBD0268197EB88A009B4B96 /* Main_iPad.storyboard */ = {
			isa = PBXVariantGroup;
			children = (
				DDBD0269197EB88A009B4B96 /* Base */,
			);
			name = Main_iPad.storyboard;
			sourceTree = "<group>";
		};
		DDBD027E197EB88A009B4B96 /* InfoPlist.strings */ = {
			isa = PBXVariantGroup;
			children = (
				DDBD027F197EB88A009B4B96 /* en */,
			);
			name = InfoPlist.strings;
			sourceTree = "<group>";
		};
/* End PBXVariantGroup section */

/* Begin XCBuildConfiguration section */
		DDBD0283197EB88A009B4B96 /* Debug */ = {
			isa = XCBuildConfiguration;
			buildSettings = {
				ALWAYS_SEARCH_USER_PATHS = NO;
				ARCHS = "$(ARCHS_STANDARD_INCLUDING_64_BIT)";
				CLANG_CXX_LANGUAGE_STANDARD = "gnu++0x";
				CLANG_CXX_LIBRARY = "libc++";
				CLANG_ENABLE_MODULES = YES;
				CLANG_ENABLE_OBJC_ARC = YES;
				CLANG_WARN_BOOL_CONVERSION = YES;
				CLANG_WARN_CONSTANT_CONVERSION = YES;
				CLANG_WARN_DIRECT_OBJC_ISA_USAGE = YES_ERROR;
				CLANG_WARN_EMPTY_BODY = YES;
				CLANG_WARN_ENUM_CONVERSION = YES;
				CLANG_WARN_INT_CONVERSION = YES;
				CLANG_WARN_OBJC_ROOT_CLASS = YES_ERROR;
				CLANG_WARN__DUPLICATE_METHOD_MATCH = YES;
				"CODE_SIGN_IDENTITY[sdk=iphoneos*]" = "iPhone Developer";
				COPY_PHASE_STRIP = NO;
				GCC_C_LANGUAGE_STANDARD = gnu99;
				GCC_DYNAMIC_NO_PIC = NO;
				GCC_OPTIMIZATION_LEVEL = 0;
				GCC_PREPROCESSOR_DEFINITIONS = (
					"DEBUG=1",
					"$(inherited)",
				);
				GCC_SYMBOLS_PRIVATE_EXTERN = NO;
				GCC_WARN_64_TO_32_BIT_CONVERSION = YES;
				GCC_WARN_ABOUT_RETURN_TYPE = YES_ERROR;
				GCC_WARN_UNDECLARED_SELECTOR = YES;
				GCC_WARN_UNINITIALIZED_AUTOS = YES;
				GCC_WARN_UNUSED_FUNCTION = YES;
				GCC_WARN_UNUSED_VARIABLE = YES;
				IPHONEOS_DEPLOYMENT_TARGET = 7.0;
				ONLY_ACTIVE_ARCH = YES;
				SDKROOT = iphoneos;
				TARGETED_DEVICE_FAMILY = "1,2";
			};
			name = Debug;
		};
		DDBD0284197EB88A009B4B96 /* Release */ = {
			isa = XCBuildConfiguration;
			buildSettings = {
				ALWAYS_SEARCH_USER_PATHS = NO;
				ARCHS = "$(ARCHS_STANDARD_INCLUDING_64_BIT)";
				CLANG_CXX_LANGUAGE_STANDARD = "gnu++0x";
				CLANG_CXX_LIBRARY = "libc++";
				CLANG_ENABLE_MODULES = YES;
				CLANG_ENABLE_OBJC_ARC = YES;
				CLANG_WARN_BOOL_CONVERSION = YES;
				CLANG_WARN_CONSTANT_CONVERSION = YES;
				CLANG_WARN_DIRECT_OBJC_ISA_USAGE = YES_ERROR;
				CLANG_WARN_EMPTY_BODY = YES;
				CLANG_WARN_ENUM_CONVERSION = YES;
				CLANG_WARN_INT_CONVERSION = YES;
				CLANG_WARN_OBJC_ROOT_CLASS = YES_ERROR;
				CLANG_WARN__DUPLICATE_METHOD_MATCH = YES;
				"CODE_SIGN_IDENTITY[sdk=iphoneos*]" = "iPhone Developer";
				COPY_PHASE_STRIP = YES;
				ENABLE_NS_ASSERTIONS = NO;
				GCC_C_LANGUAGE_STANDARD = gnu99;
				GCC_WARN_64_TO_32_BIT_CONVERSION = YES;
				GCC_WARN_ABOUT_RETURN_TYPE = YES_ERROR;
				GCC_WARN_UNDECLARED_SELECTOR = YES;
				GCC_WARN_UNINITIALIZED_AUTOS = YES;
				GCC_WARN_UNUSED_FUNCTION = YES;
				GCC_WARN_UNUSED_VARIABLE = YES;
				IPHONEOS_DEPLOYMENT_TARGET = 7.0;
				SDKROOT = iphoneos;
				TARGETED_DEVICE_FAMILY = "1,2";
				VALIDATE_PRODUCT = YES;
			};
			name = Release;
		};
		DDBD0286197EB88A009B4B96 /* Debug */ = {
			isa = XCBuildConfiguration;
			buildSettings = {
				ASSETCATALOG_COMPILER_APPICON_NAME = AppIcon;
				ASSETCATALOG_COMPILER_LAUNCHIMAGE_NAME = LaunchImage;
				GCC_PRECOMPILE_PREFIX_HEADER = YES;
				GCC_PREFIX_HEADER = "QC/QC-Prefix.pch";
				INFOPLIST_FILE = "QC/QC-Info.plist";
				PRODUCT_NAME = "$(TARGET_NAME)";
				WRAPPER_EXTENSION = app;
			};
			name = Debug;
		};
		DDBD0287197EB88A009B4B96 /* Release */ = {
			isa = XCBuildConfiguration;
			buildSettings = {
				ASSETCATALOG_COMPILER_APPICON_NAME = AppIcon;
				ASSETCATALOG_COMPILER_LAUNCHIMAGE_NAME = LaunchImage;
				GCC_PRECOMPILE_PREFIX_HEADER = YES;
				GCC_PREFIX_HEADER = "QC/QC-Prefix.pch";
				INFOPLIST_FILE = "QC/QC-Info.plist";
				PRODUCT_NAME = "$(TARGET_NAME)";
				WRAPPER_EXTENSION = app;
			};
			name = Release;
		};
		DDBD0289197EB88A009B4B96 /* Debug */ = {
			isa = XCBuildConfiguration;
			buildSettings = {
				ARCHS = "$(ARCHS_STANDARD_INCLUDING_64_BIT)";
				BUNDLE_LOADER = "$(BUILT_PRODUCTS_DIR)/QC.app/QC";
				FRAMEWORK_SEARCH_PATHS = (
					"$(SDKROOT)/Developer/Library/Frameworks",
					"$(inherited)",
					"$(DEVELOPER_FRAMEWORKS_DIR)",
				);
				GCC_PRECOMPILE_PREFIX_HEADER = YES;
				GCC_PREFIX_HEADER = "QC/QC-Prefix.pch";
				GCC_PREPROCESSOR_DEFINITIONS = (
					"DEBUG=1",
					"$(inherited)",
				);
				INFOPLIST_FILE = "QCTests/QCTests-Info.plist";
				PRODUCT_NAME = "$(TARGET_NAME)";
				TEST_HOST = "$(BUNDLE_LOADER)";
				WRAPPER_EXTENSION = xctest;
			};
			name = Debug;
		};
		DDBD028A197EB88A009B4B96 /* Release */ = {
			isa = XCBuildConfiguration;
			buildSettings = {
				ARCHS = "$(ARCHS_STANDARD_INCLUDING_64_BIT)";
				BUNDLE_LOADER = "$(BUILT_PRODUCTS_DIR)/QC.app/QC";
				FRAMEWORK_SEARCH_PATHS = (
					"$(SDKROOT)/Developer/Library/Frameworks",
					"$(inherited)",
					"$(DEVELOPER_FRAMEWORKS_DIR)",
				);
				GCC_PRECOMPILE_PREFIX_HEADER = YES;
				GCC_PREFIX_HEADER = "QC/QC-Prefix.pch";
				INFOPLIST_FILE = "QCTests/QCTests-Info.plist";
				PRODUCT_NAME = "$(TARGET_NAME)";
				TEST_HOST = "$(BUNDLE_LOADER)";
				WRAPPER_EXTENSION = xctest;
			};
			name = Release;
		};
/* End XCBuildConfiguration section */

/* Begin XCConfigurationList section */
		DDBD024B197EB88A009B4B96 /* Build configuration list for PBXProject "QC" */ = {
			isa = XCConfigurationList;
			buildConfigurations = (
				DDBD0283197EB88A009B4B96 /* Debug */,
				DDBD0284197EB88A009B4B96 /* Release */,
			);
			defaultConfigurationIsVisible = 0;
			defaultConfigurationName = Release;
		};
		DDBD0285197EB88A009B4B96 /* Build configuration list for PBXNativeTarget "QC" */ = {
			isa = XCConfigurationList;
			buildConfigurations = (
				DDBD0286197EB88A009B4B96 /* Debug */,
				DDBD0287197EB88A009B4B96 /* Release */,
			);
			defaultConfigurationIsVisible = 0;
		};
		DDBD0288197EB88A009B4B96 /* Build configuration list for PBXNativeTarget "QCTests" */ = {
			isa = XCConfigurationList;
			buildConfigurations = (
				DDBD0289197EB88A009B4B96 /* Debug */,
				DDBD028A197EB88A009B4B96 /* Release */,
			);
			defaultConfigurationIsVisible = 0;
		};
/* End XCConfigurationList section */
	};
	rootObject = DDBD0248197EB88A009B4B96 /* Project object */;
}
